// !$*UTF8*$!
{
	archiveVersion = 1;
	classes = {
	};
	objectVersion = 50;
	objects = {

/* Begin PBXBuildFile section */
		1D100044261A1E2200CF7B23 /* PomogatorApp.swift in Sources */ = {isa = PBXBuildFile; fileRef = 1D100043261A1E2200CF7B23 /* PomogatorApp.swift */; };
		1D100046261A1E2200CF7B23 /* MainView.swift in Sources */ = {isa = PBXBuildFile; fileRef = 1D100045261A1E2200CF7B23 /* MainView.swift */; };
		1D100048261A1E2300CF7B23 /* Assets.xcassets in Resources */ = {isa = PBXBuildFile; fileRef = 1D100047261A1E2300CF7B23 /* Assets.xcassets */; };
		1D10004B261A1E2300CF7B23 /* Preview Assets.xcassets in Resources */ = {isa = PBXBuildFile; fileRef = 1D10004A261A1E2300CF7B23 /* Preview Assets.xcassets */; };
		1D6CC2C4261A2548009380C9 /* Poedator.MealTimeList.View.swift in Sources */ = {isa = PBXBuildFile; fileRef = 1D6CC2C3261A2548009380C9 /* Poedator.MealTimeList.View.swift */; };
		1D6CC2CC261A3863009380C9 /* FilledButton.swift in Sources */ = {isa = PBXBuildFile; fileRef = 1D6CC2CB261A3863009380C9 /* FilledButton.swift */; };
		1D6CC2D0261A3B00009380C9 /* Poedator.MealTimeList.View.Model.swift in Sources */ = {isa = PBXBuildFile; fileRef = 1D6CC2CF261A3B00009380C9 /* Poedator.MealTimeList.View.Model.swift */; };
		1D6CC2D3261A3DC0009380C9 /* Poedator.MealTime.swift in Sources */ = {isa = PBXBuildFile; fileRef = 1D6CC2D2261A3DC0009380C9 /* Poedator.MealTime.swift */; };
		1D6CC2D6261A3E97009380C9 /* UserDefaultsProtocol.swift in Sources */ = {isa = PBXBuildFile; fileRef = 1D6CC2D5261A3E97009380C9 /* UserDefaultsProtocol.swift */; };
		1D6CC2D9261A3F25009380C9 /* Poedator.StorageFacade.swift in Sources */ = {isa = PBXBuildFile; fileRef = 1D6CC2D8261A3F25009380C9 /* Poedator.StorageFacade.swift */; };
		1D6CC2DD261A3F49009380C9 /* PoedatorStorageFacadeInputProtocol.swift in Sources */ = {isa = PBXBuildFile; fileRef = 1D6CC2DC261A3F49009380C9 /* PoedatorStorageFacadeInputProtocol.swift */; };
		1D6CC2E1261A3F65009380C9 /* PoedatorStorageFacadeOutputProtocol.swift in Sources */ = {isa = PBXBuildFile; fileRef = 1D6CC2E0261A3F65009380C9 /* PoedatorStorageFacadeOutputProtocol.swift */; };
		1D6CC2E6261A3FF4009380C9 /* PoedatorMealRemindersManagerProtocol.swift in Sources */ = {isa = PBXBuildFile; fileRef = 1D6CC2E5261A3FF4009380C9 /* PoedatorMealRemindersManagerProtocol.swift */; };
		1D6CC2EA261A402B009380C9 /* Poedator.swift in Sources */ = {isa = PBXBuildFile; fileRef = 1D6CC2E9261A402B009380C9 /* Poedator.swift */; };
		1D6CC2EF261A407B009380C9 /* Poedator.MealRemindersManager.swift in Sources */ = {isa = PBXBuildFile; fileRef = 1D6CC2EE261A407B009380C9 /* Poedator.MealRemindersManager.swift */; };
		1D6CC2F2261A40C8009380C9 /* UserNotificationCenterFacade.swift in Sources */ = {isa = PBXBuildFile; fileRef = 1D6CC2F1261A40C8009380C9 /* UserNotificationCenterFacade.swift */; };
		1D6CC2F6261A40ED009380C9 /* UserNotificationCenterFacadeProtocol.swift in Sources */ = {isa = PBXBuildFile; fileRef = 1D6CC2F5261A40ED009380C9 /* UserNotificationCenterFacadeProtocol.swift */; };
		1D6CC301261A41BE009380C9 /* Locale+Extensions.swift in Sources */ = {isa = PBXBuildFile; fileRef = 1D6CC300261A41BE009380C9 /* Locale+Extensions.swift */; };
		1D6CC304261A41CF009380C9 /* TimeZone+Extensions.swift in Sources */ = {isa = PBXBuildFile; fileRef = 1D6CC303261A41CF009380C9 /* TimeZone+Extensions.swift */; };
		1D6CC307261A41E2009380C9 /* Calendar+Extensions.swift in Sources */ = {isa = PBXBuildFile; fileRef = 1D6CC306261A41E2009380C9 /* Calendar+Extensions.swift */; };
		1D6CC30F261A431E009380C9 /* Poedator.Assembly.swift in Sources */ = {isa = PBXBuildFile; fileRef = 1D6CC30E261A431E009380C9 /* Poedator.Assembly.swift */; };
		1D6CC313261A45B3009380C9 /* PomogatorApplicationDelegate.swift in Sources */ = {isa = PBXBuildFile; fileRef = 1D6CC312261A45B3009380C9 /* PomogatorApplicationDelegate.swift */; };
		1D6CC31A261A47A0009380C9 /* Collection+Extensions.swift in Sources */ = {isa = PBXBuildFile; fileRef = 1D6CC319261A47A0009380C9 /* Collection+Extensions.swift */; };
		1D6CC31E261A48DF009380C9 /* FormatHelper.swift in Sources */ = {isa = PBXBuildFile; fileRef = 1D6CC31D261A48DF009380C9 /* FormatHelper.swift */; };
		1D6CC327261A50D6009380C9 /* Poedator.MealTimeList.swift in Sources */ = {isa = PBXBuildFile; fileRef = 1D6CC326261A50D6009380C9 /* Poedator.MealTimeList.swift */; };
		1D6CC32F261A51C7009380C9 /* Poedator.MealTimeList.CalculatorView.swift in Sources */ = {isa = PBXBuildFile; fileRef = 1D6CC32E261A51C7009380C9 /* Poedator.MealTimeList.CalculatorView.swift */; };
		1D6CC333261A51E1009380C9 /* Poedator.MealTimeList.CalculatorView.Model.swift in Sources */ = {isa = PBXBuildFile; fileRef = 1D6CC332261A51E1009380C9 /* Poedator.MealTimeList.CalculatorView.Model.swift */; };
		1D6CC336261A58A2009380C9 /* FilledNavigationButton.swift in Sources */ = {isa = PBXBuildFile; fileRef = 1D6CC335261A58A2009380C9 /* FilledNavigationButton.swift */; };
/* End PBXBuildFile section */

/* Begin PBXFileReference section */
		1D100040261A1E2200CF7B23 /* Pomogator.app */ = {isa = PBXFileReference; explicitFileType = wrapper.application; includeInIndex = 0; path = Pomogator.app; sourceTree = BUILT_PRODUCTS_DIR; };
		1D100043261A1E2200CF7B23 /* PomogatorApp.swift */ = {isa = PBXFileReference; lastKnownFileType = sourcecode.swift; path = PomogatorApp.swift; sourceTree = "<group>"; };
		1D100045261A1E2200CF7B23 /* MainView.swift */ = {isa = PBXFileReference; lastKnownFileType = sourcecode.swift; path = MainView.swift; sourceTree = "<group>"; };
		1D100047261A1E2300CF7B23 /* Assets.xcassets */ = {isa = PBXFileReference; lastKnownFileType = folder.assetcatalog; path = Assets.xcassets; sourceTree = "<group>"; };
		1D10004A261A1E2300CF7B23 /* Preview Assets.xcassets */ = {isa = PBXFileReference; lastKnownFileType = folder.assetcatalog; path = "Preview Assets.xcassets"; sourceTree = "<group>"; };
		1D10004C261A1E2300CF7B23 /* Info.plist */ = {isa = PBXFileReference; lastKnownFileType = text.plist.xml; path = Info.plist; sourceTree = "<group>"; };
		1D6CC2C3261A2548009380C9 /* Poedator.MealTimeList.View.swift */ = {isa = PBXFileReference; lastKnownFileType = sourcecode.swift; path = Poedator.MealTimeList.View.swift; sourceTree = "<group>"; };
		1D6CC2CB261A3863009380C9 /* FilledButton.swift */ = {isa = PBXFileReference; lastKnownFileType = sourcecode.swift; path = FilledButton.swift; sourceTree = "<group>"; };
		1D6CC2CF261A3B00009380C9 /* Poedator.MealTimeList.View.Model.swift */ = {isa = PBXFileReference; lastKnownFileType = sourcecode.swift; path = Poedator.MealTimeList.View.Model.swift; sourceTree = "<group>"; };
		1D6CC2D2261A3DC0009380C9 /* Poedator.MealTime.swift */ = {isa = PBXFileReference; lastKnownFileType = sourcecode.swift; path = Poedator.MealTime.swift; sourceTree = "<group>"; };
		1D6CC2D5261A3E97009380C9 /* UserDefaultsProtocol.swift */ = {isa = PBXFileReference; lastKnownFileType = sourcecode.swift; path = UserDefaultsProtocol.swift; sourceTree = "<group>"; };
		1D6CC2D8261A3F25009380C9 /* Poedator.StorageFacade.swift */ = {isa = PBXFileReference; lastKnownFileType = sourcecode.swift; path = Poedator.StorageFacade.swift; sourceTree = "<group>"; };
		1D6CC2DC261A3F49009380C9 /* PoedatorStorageFacadeInputProtocol.swift */ = {isa = PBXFileReference; lastKnownFileType = sourcecode.swift; path = PoedatorStorageFacadeInputProtocol.swift; sourceTree = "<group>"; };
		1D6CC2E0261A3F65009380C9 /* PoedatorStorageFacadeOutputProtocol.swift */ = {isa = PBXFileReference; lastKnownFileType = sourcecode.swift; path = PoedatorStorageFacadeOutputProtocol.swift; sourceTree = "<group>"; };
		1D6CC2E5261A3FF4009380C9 /* PoedatorMealRemindersManagerProtocol.swift */ = {isa = PBXFileReference; lastKnownFileType = sourcecode.swift; path = PoedatorMealRemindersManagerProtocol.swift; sourceTree = "<group>"; };
		1D6CC2E9261A402B009380C9 /* Poedator.swift */ = {isa = PBXFileReference; lastKnownFileType = sourcecode.swift; path = Poedator.swift; sourceTree = "<group>"; };
		1D6CC2EE261A407B009380C9 /* Poedator.MealRemindersManager.swift */ = {isa = PBXFileReference; lastKnownFileType = sourcecode.swift; path = Poedator.MealRemindersManager.swift; sourceTree = "<group>"; };
		1D6CC2F1261A40C8009380C9 /* UserNotificationCenterFacade.swift */ = {isa = PBXFileReference; lastKnownFileType = sourcecode.swift; path = UserNotificationCenterFacade.swift; sourceTree = "<group>"; };
		1D6CC2F5261A40ED009380C9 /* UserNotificationCenterFacadeProtocol.swift */ = {isa = PBXFileReference; lastKnownFileType = sourcecode.swift; path = UserNotificationCenterFacadeProtocol.swift; sourceTree = "<group>"; };
		1D6CC300261A41BE009380C9 /* Locale+Extensions.swift */ = {isa = PBXFileReference; lastKnownFileType = sourcecode.swift; path = "Locale+Extensions.swift"; sourceTree = "<group>"; };
		1D6CC303261A41CF009380C9 /* TimeZone+Extensions.swift */ = {isa = PBXFileReference; lastKnownFileType = sourcecode.swift; path = "TimeZone+Extensions.swift"; sourceTree = "<group>"; };
		1D6CC306261A41E2009380C9 /* Calendar+Extensions.swift */ = {isa = PBXFileReference; lastKnownFileType = sourcecode.swift; path = "Calendar+Extensions.swift"; sourceTree = "<group>"; };
		1D6CC30E261A431E009380C9 /* Poedator.Assembly.swift */ = {isa = PBXFileReference; lastKnownFileType = sourcecode.swift; path = Poedator.Assembly.swift; sourceTree = "<group>"; };
		1D6CC312261A45B3009380C9 /* PomogatorApplicationDelegate.swift */ = {isa = PBXFileReference; lastKnownFileType = sourcecode.swift; path = PomogatorApplicationDelegate.swift; sourceTree = "<group>"; };
		1D6CC319261A47A0009380C9 /* Collection+Extensions.swift */ = {isa = PBXFileReference; lastKnownFileType = sourcecode.swift; path = "Collection+Extensions.swift"; sourceTree = "<group>"; };
		1D6CC31D261A48DF009380C9 /* FormatHelper.swift */ = {isa = PBXFileReference; lastKnownFileType = sourcecode.swift; path = FormatHelper.swift; sourceTree = "<group>"; };
		1D6CC326261A50D6009380C9 /* Poedator.MealTimeList.swift */ = {isa = PBXFileReference; lastKnownFileType = sourcecode.swift; path = Poedator.MealTimeList.swift; sourceTree = "<group>"; };
		1D6CC32E261A51C7009380C9 /* Poedator.MealTimeList.CalculatorView.swift */ = {isa = PBXFileReference; lastKnownFileType = sourcecode.swift; path = Poedator.MealTimeList.CalculatorView.swift; sourceTree = "<group>"; };
		1D6CC332261A51E1009380C9 /* Poedator.MealTimeList.CalculatorView.Model.swift */ = {isa = PBXFileReference; lastKnownFileType = sourcecode.swift; path = Poedator.MealTimeList.CalculatorView.Model.swift; sourceTree = "<group>"; };
		1D6CC335261A58A2009380C9 /* FilledNavigationButton.swift */ = {isa = PBXFileReference; lastKnownFileType = sourcecode.swift; path = FilledNavigationButton.swift; sourceTree = "<group>"; };
/* End PBXFileReference section */

/* Begin PBXFrameworksBuildPhase section */
		1D10003D261A1E2200CF7B23 /* Frameworks */ = {
			isa = PBXFrameworksBuildPhase;
			buildActionMask = 2147483647;
			files = (
			);
			runOnlyForDeploymentPostprocessing = 0;
		};
/* End PBXFrameworksBuildPhase section */

/* Begin PBXGroup section */
		1D100037261A1E2200CF7B23 = {
			isa = PBXGroup;
			children = (
				1D100042261A1E2200CF7B23 /* Sources */,
				1D100041261A1E2200CF7B23 /* Products */,
			);
			sourceTree = "<group>";
		};
		1D100041261A1E2200CF7B23 /* Products */ = {
			isa = PBXGroup;
			children = (
				1D100040261A1E2200CF7B23 /* Pomogator.app */,
			);
			name = Products;
			sourceTree = "<group>";
		};
		1D100042261A1E2200CF7B23 /* Sources */ = {
			isa = PBXGroup;
			children = (
				1D100056261A1F4000CF7B23 /* App */,
				1D6CC2CA261A3859009380C9 /* Common */,
				1D100057261A1F4B00CF7B23 /* Flows */,
			);
			path = Sources;
			sourceTree = "<group>";
		};
		1D100049261A1E2300CF7B23 /* Preview Content */ = {
			isa = PBXGroup;
			children = (
				1D10004A261A1E2300CF7B23 /* Preview Assets.xcassets */,
			);
			path = "Preview Content";
			sourceTree = "<group>";
		};
		1D100054261A1F1200CF7B23 /* Resources */ = {
			isa = PBXGroup;
			children = (
				1D100047261A1E2300CF7B23 /* Assets.xcassets */,
				1D10004C261A1E2300CF7B23 /* Info.plist */,
				1D100049261A1E2300CF7B23 /* Preview Content */,
			);
			name = Resources;
			sourceTree = "<group>";
		};
		1D100056261A1F4000CF7B23 /* App */ = {
			isa = PBXGroup;
			children = (
				1D100054261A1F1200CF7B23 /* Resources */,
				1D100043261A1E2200CF7B23 /* PomogatorApp.swift */,
				1D6CC312261A45B3009380C9 /* PomogatorApplicationDelegate.swift */,
			);
			name = App;
			sourceTree = "<group>";
		};
		1D100057261A1F4B00CF7B23 /* Flows */ = {
			isa = PBXGroup;
			children = (
				1D100045261A1E2200CF7B23 /* MainView.swift */,
				1D6CC2C1261A2526009380C9 /* Poedator */,
			);
			name = Flows;
			sourceTree = "<group>";
		};
		1D6CC2C1261A2526009380C9 /* Poedator */ = {
			isa = PBXGroup;
			children = (
				1D6CC325261A50BD009380C9 /* Namespace */,
				1D6CC30E261A431E009380C9 /* Poedator.Assembly.swift */,
				1D6CC2D2261A3DC0009380C9 /* Poedator.MealTime.swift */,
				1D6CC2E4261A3FE5009380C9 /* Meal reminders manager */,
				1D6CC2DB261A3F3C009380C9 /* Storage facade */,
				1D6CC32C261A5172009380C9 /* Screens */,
			);
			name = Poedator;
			sourceTree = "<group>";
		};
		1D6CC2C2261A2530009380C9 /* Meal time list */ = {
			isa = PBXGroup;
			children = (
				1D6CC324261A50B4009380C9 /* Namespace */,
				1D6CC2C3261A2548009380C9 /* Poedator.MealTimeList.View.swift */,
				1D6CC2CF261A3B00009380C9 /* Poedator.MealTimeList.View.Model.swift */,
			);
			name = "Meal time list";
			sourceTree = "<group>";
		};
		1D6CC2CA261A3859009380C9 /* Common */ = {
			isa = PBXGroup;
			children = (
				1D6CC315261A46E5009380C9 /* Extensions */,
				1D6CC2F4261A40E0009380C9 /* User notification center facade */,
				1D6CC2CB261A3863009380C9 /* FilledButton.swift */,
				1D6CC335261A58A2009380C9 /* FilledNavigationButton.swift */,
				1D6CC31D261A48DF009380C9 /* FormatHelper.swift */,
				1D6CC2D5261A3E97009380C9 /* UserDefaultsProtocol.swift */,
			);
			name = Common;
			sourceTree = "<group>";
		};
		1D6CC2DB261A3F3C009380C9 /* Storage facade */ = {
			isa = PBXGroup;
			children = (
				1D6CC2DC261A3F49009380C9 /* PoedatorStorageFacadeInputProtocol.swift */,
				1D6CC2E0261A3F65009380C9 /* PoedatorStorageFacadeOutputProtocol.swift */,
				1D6CC2D8261A3F25009380C9 /* Poedator.StorageFacade.swift */,
			);
			name = "Storage facade";
			sourceTree = "<group>";
		};
		1D6CC2E4261A3FE5009380C9 /* Meal reminders manager */ = {
			isa = PBXGroup;
			children = (
				1D6CC2E5261A3FF4009380C9 /* PoedatorMealRemindersManagerProtocol.swift */,
				1D6CC2EE261A407B009380C9 /* Poedator.MealRemindersManager.swift */,
			);
			name = "Meal reminders manager";
			sourceTree = "<group>";
		};
		1D6CC2F4261A40E0009380C9 /* User notification center facade */ = {
			isa = PBXGroup;
			children = (
				1D6CC2F5261A40ED009380C9 /* UserNotificationCenterFacadeProtocol.swift */,
				1D6CC2F1261A40C8009380C9 /* UserNotificationCenterFacade.swift */,
			);
			name = "User notification center facade";
			sourceTree = "<group>";
		};
		1D6CC315261A46E5009380C9 /* Extensions */ = {
			isa = PBXGroup;
			children = (
				1D6CC306261A41E2009380C9 /* Calendar+Extensions.swift */,
				1D6CC319261A47A0009380C9 /* Collection+Extensions.swift */,
				1D6CC300261A41BE009380C9 /* Locale+Extensions.swift */,
				1D6CC303261A41CF009380C9 /* TimeZone+Extensions.swift */,
			);
			name = Extensions;
			sourceTree = "<group>";
		};
		1D6CC324261A50B4009380C9 /* Namespace */ = {
			isa = PBXGroup;
			children = (
				1D6CC326261A50D6009380C9 /* Poedator.MealTimeList.swift */,
			);
			name = Namespace;
			sourceTree = "<group>";
		};
		1D6CC325261A50BD009380C9 /* Namespace */ = {
			isa = PBXGroup;
			children = (
				1D6CC2E9261A402B009380C9 /* Poedator.swift */,
			);
			name = Namespace;
			sourceTree = "<group>";
		};
		1D6CC32C261A5172009380C9 /* Screens */ = {
			isa = PBXGroup;
			children = (
				1D6CC2C2261A2530009380C9 /* Meal time list */,
				1D6CC32D261A517E009380C9 /* Calculator */,
			);
			name = Screens;
			sourceTree = "<group>";
		};
		1D6CC32D261A517E009380C9 /* Calculator */ = {
			isa = PBXGroup;
			children = (
				1D6CC32E261A51C7009380C9 /* Poedator.MealTimeList.CalculatorView.swift */,
				1D6CC332261A51E1009380C9 /* Poedator.MealTimeList.CalculatorView.Model.swift */,
			);
			name = Calculator;
			sourceTree = "<group>";
		};
/* End PBXGroup section */

/* Begin PBXNativeTarget section */
		1D10003F261A1E2200CF7B23 /* Pomogator */ = {
			isa = PBXNativeTarget;
			buildConfigurationList = 1D10004F261A1E2300CF7B23 /* Build configuration list for PBXNativeTarget "Pomogator" */;
			buildPhases = (
				1D10003C261A1E2200CF7B23 /* Sources */,
				1D10003D261A1E2200CF7B23 /* Frameworks */,
				1D10003E261A1E2200CF7B23 /* Resources */,
				1D6CC296261A20A8009380C9 /* ShellScript */,
			);
			buildRules = (
			);
			dependencies = (
			);
			name = Pomogator;
			productName = Pomogator;
			productReference = 1D100040261A1E2200CF7B23 /* Pomogator.app */;
			productType = "com.apple.product-type.application";
		};
/* End PBXNativeTarget section */

/* Begin PBXProject section */
		1D100038261A1E2200CF7B23 /* Project object */ = {
			isa = PBXProject;
			attributes = {
				LastSwiftUpdateCheck = 1240;
				LastUpgradeCheck = 1240;
				TargetAttributes = {
					1D10003F261A1E2200CF7B23 = {
						CreatedOnToolsVersion = 12.4;
					};
				};
			};
			buildConfigurationList = 1D10003B261A1E2200CF7B23 /* Build configuration list for PBXProject "Pomogator" */;
			compatibilityVersion = "Xcode 9.3";
			developmentRegion = en;
			hasScannedForEncodings = 0;
			knownRegions = (
				en,
				Base,
			);
			mainGroup = 1D100037261A1E2200CF7B23;
			productRefGroup = 1D100041261A1E2200CF7B23 /* Products */;
			projectDirPath = "";
			projectRoot = "";
			targets = (
				1D10003F261A1E2200CF7B23 /* Pomogator */,
			);
		};
/* End PBXProject section */

/* Begin PBXResourcesBuildPhase section */
		1D10003E261A1E2200CF7B23 /* Resources */ = {
			isa = PBXResourcesBuildPhase;
			buildActionMask = 2147483647;
			files = (
				1D10004B261A1E2300CF7B23 /* Preview Assets.xcassets in Resources */,
				1D100048261A1E2300CF7B23 /* Assets.xcassets in Resources */,
			);
			runOnlyForDeploymentPostprocessing = 0;
		};
/* End PBXResourcesBuildPhase section */

/* Begin PBXShellScriptBuildPhase section */
		1D6CC296261A20A8009380C9 /* ShellScript */ = {
			isa = PBXShellScriptBuildPhase;
			buildActionMask = 2147483647;
			files = (
			);
			inputFileListPaths = (
			);
			inputPaths = (
			);
			outputFileListPaths = (
			);
			outputPaths = (
			);
			runOnlyForDeploymentPostprocessing = 0;
			shellPath = /bin/sh;
			shellScript = "if which swiftlint >/dev/null; then\n  swiftlint\nelse\n  echo \"warning: SwiftLint not installed, download from https://github.com/realm/SwiftLint\"\nfi\n";
		};
/* End PBXShellScriptBuildPhase section */

/* Begin PBXSourcesBuildPhase section */
		1D10003C261A1E2200CF7B23 /* Sources */ = {
			isa = PBXSourcesBuildPhase;
			buildActionMask = 2147483647;
			files = (
				1D6CC2E1261A3F65009380C9 /* PoedatorStorageFacadeOutputProtocol.swift in Sources */,
				1D6CC2F6261A40ED009380C9 /* UserNotificationCenterFacadeProtocol.swift in Sources */,
				1D6CC2D0261A3B00009380C9 /* Poedator.MealTimeList.View.Model.swift in Sources */,
				1D6CC2D3261A3DC0009380C9 /* Poedator.MealTime.swift in Sources */,
				1D6CC313261A45B3009380C9 /* PomogatorApplicationDelegate.swift in Sources */,
				1D6CC31E261A48DF009380C9 /* FormatHelper.swift in Sources */,
				1D100046261A1E2200CF7B23 /* MainView.swift in Sources */,
				1D6CC2EF261A407B009380C9 /* Poedator.MealRemindersManager.swift in Sources */,
				1D6CC2CC261A3863009380C9 /* FilledButton.swift in Sources */,
				1D6CC2DD261A3F49009380C9 /* PoedatorStorageFacadeInputProtocol.swift in Sources */,
				1D6CC304261A41CF009380C9 /* TimeZone+Extensions.swift in Sources */,
				1D6CC2D6261A3E97009380C9 /* UserDefaultsProtocol.swift in Sources */,
				1D6CC327261A50D6009380C9 /* Poedator.MealTimeList.swift in Sources */,
				1D6CC333261A51E1009380C9 /* Poedator.MealTimeList.CalculatorView.Model.swift in Sources */,
				1D6CC301261A41BE009380C9 /* Locale+Extensions.swift in Sources */,
				1D6CC32F261A51C7009380C9 /* Poedator.MealTimeList.CalculatorView.swift in Sources */,
				1D6CC2F2261A40C8009380C9 /* UserNotificationCenterFacade.swift in Sources */,
				1D6CC31A261A47A0009380C9 /* Collection+Extensions.swift in Sources */,
				1D6CC2EA261A402B009380C9 /* Poedator.swift in Sources */,
				1D6CC30F261A431E009380C9 /* Poedator.Assembly.swift in Sources */,
				1D6CC2C4261A2548009380C9 /* Poedator.MealTimeList.View.swift in Sources */,
				1D6CC336261A58A2009380C9 /* FilledNavigationButton.swift in Sources */,
				1D100044261A1E2200CF7B23 /* PomogatorApp.swift in Sources */,
				1D6CC307261A41E2009380C9 /* Calendar+Extensions.swift in Sources */,
				1D6CC2E6261A3FF4009380C9 /* PoedatorMealRemindersManagerProtocol.swift in Sources */,
				1D6CC2D9261A3F25009380C9 /* Poedator.StorageFacade.swift in Sources */,
			);
			runOnlyForDeploymentPostprocessing = 0;
		};
/* End PBXSourcesBuildPhase section */

/* Begin XCBuildConfiguration section */
		1D10004D261A1E2300CF7B23 /* Debug */ = {
			isa = XCBuildConfiguration;
			buildSettings = {
				ALWAYS_SEARCH_USER_PATHS = NO;
				CLANG_ANALYZER_NONNULL = YES;
				CLANG_ANALYZER_NUMBER_OBJECT_CONVERSION = YES_AGGRESSIVE;
				CLANG_CXX_LANGUAGE_STANDARD = "gnu++14";
				CLANG_CXX_LIBRARY = "libc++";
				CLANG_ENABLE_MODULES = YES;
				CLANG_ENABLE_OBJC_ARC = YES;
				CLANG_ENABLE_OBJC_WEAK = YES;
				CLANG_WARN_BLOCK_CAPTURE_AUTORELEASING = YES;
				CLANG_WARN_BOOL_CONVERSION = YES;
				CLANG_WARN_COMMA = YES;
				CLANG_WARN_CONSTANT_CONVERSION = YES;
				CLANG_WARN_DEPRECATED_OBJC_IMPLEMENTATIONS = YES;
				CLANG_WARN_DIRECT_OBJC_ISA_USAGE = YES_ERROR;
				CLANG_WARN_DOCUMENTATION_COMMENTS = YES;
				CLANG_WARN_EMPTY_BODY = YES;
				CLANG_WARN_ENUM_CONVERSION = YES;
				CLANG_WARN_INFINITE_RECURSION = YES;
				CLANG_WARN_INT_CONVERSION = YES;
				CLANG_WARN_NON_LITERAL_NULL_CONVERSION = YES;
				CLANG_WARN_OBJC_IMPLICIT_RETAIN_SELF = YES;
				CLANG_WARN_OBJC_LITERAL_CONVERSION = YES;
				CLANG_WARN_OBJC_ROOT_CLASS = YES_ERROR;
				CLANG_WARN_QUOTED_INCLUDE_IN_FRAMEWORK_HEADER = YES;
				CLANG_WARN_RANGE_LOOP_ANALYSIS = YES;
				CLANG_WARN_STRICT_PROTOTYPES = YES;
				CLANG_WARN_SUSPICIOUS_MOVE = YES;
				CLANG_WARN_UNGUARDED_AVAILABILITY = YES_AGGRESSIVE;
				CLANG_WARN_UNREACHABLE_CODE = YES;
				CLANG_WARN__DUPLICATE_METHOD_MATCH = YES;
				COPY_PHASE_STRIP = NO;
				DEBUG_INFORMATION_FORMAT = dwarf;
				ENABLE_STRICT_OBJC_MSGSEND = YES;
				ENABLE_TESTABILITY = YES;
				GCC_C_LANGUAGE_STANDARD = gnu11;
				GCC_DYNAMIC_NO_PIC = NO;
				GCC_NO_COMMON_BLOCKS = YES;
				GCC_OPTIMIZATION_LEVEL = 0;
				GCC_PREPROCESSOR_DEFINITIONS = (
					"DEBUG=1",
					"$(inherited)",
				);
				GCC_WARN_64_TO_32_BIT_CONVERSION = YES;
				GCC_WARN_ABOUT_RETURN_TYPE = YES_ERROR;
				GCC_WARN_UNDECLARED_SELECTOR = YES;
				GCC_WARN_UNINITIALIZED_AUTOS = YES_AGGRESSIVE;
				GCC_WARN_UNUSED_FUNCTION = YES;
				GCC_WARN_UNUSED_VARIABLE = YES;
				IPHONEOS_DEPLOYMENT_TARGET = 14.4;
				MTL_ENABLE_DEBUG_INFO = INCLUDE_SOURCE;
				MTL_FAST_MATH = YES;
				ONLY_ACTIVE_ARCH = YES;
				SDKROOT = iphoneos;
				SWIFT_ACTIVE_COMPILATION_CONDITIONS = DEBUG;
				SWIFT_OPTIMIZATION_LEVEL = "-Onone";
			};
			name = Debug;
		};
		1D10004E261A1E2300CF7B23 /* Release */ = {
			isa = XCBuildConfiguration;
			buildSettings = {
				ALWAYS_SEARCH_USER_PATHS = NO;
				CLANG_ANALYZER_NONNULL = YES;
				CLANG_ANALYZER_NUMBER_OBJECT_CONVERSION = YES_AGGRESSIVE;
				CLANG_CXX_LANGUAGE_STANDARD = "gnu++14";
				CLANG_CXX_LIBRARY = "libc++";
				CLANG_ENABLE_MODULES = YES;
				CLANG_ENABLE_OBJC_ARC = YES;
				CLANG_ENABLE_OBJC_WEAK = YES;
				CLANG_WARN_BLOCK_CAPTURE_AUTORELEASING = YES;
				CLANG_WARN_BOOL_CONVERSION = YES;
				CLANG_WARN_COMMA = YES;
				CLANG_WARN_CONSTANT_CONVERSION = YES;
				CLANG_WARN_DEPRECATED_OBJC_IMPLEMENTATIONS = YES;
				CLANG_WARN_DIRECT_OBJC_ISA_USAGE = YES_ERROR;
				CLANG_WARN_DOCUMENTATION_COMMENTS = YES;
				CLANG_WARN_EMPTY_BODY = YES;
				CLANG_WARN_ENUM_CONVERSION = YES;
				CLANG_WARN_INFINITE_RECURSION = YES;
				CLANG_WARN_INT_CONVERSION = YES;
				CLANG_WARN_NON_LITERAL_NULL_CONVERSION = YES;
				CLANG_WARN_OBJC_IMPLICIT_RETAIN_SELF = YES;
				CLANG_WARN_OBJC_LITERAL_CONVERSION = YES;
				CLANG_WARN_OBJC_ROOT_CLASS = YES_ERROR;
				CLANG_WARN_QUOTED_INCLUDE_IN_FRAMEWORK_HEADER = YES;
				CLANG_WARN_RANGE_LOOP_ANALYSIS = YES;
				CLANG_WARN_STRICT_PROTOTYPES = YES;
				CLANG_WARN_SUSPICIOUS_MOVE = YES;
				CLANG_WARN_UNGUARDED_AVAILABILITY = YES_AGGRESSIVE;
				CLANG_WARN_UNREACHABLE_CODE = YES;
				CLANG_WARN__DUPLICATE_METHOD_MATCH = YES;
				COPY_PHASE_STRIP = NO;
				DEBUG_INFORMATION_FORMAT = "dwarf-with-dsym";
				ENABLE_NS_ASSERTIONS = NO;
				ENABLE_STRICT_OBJC_MSGSEND = YES;
				GCC_C_LANGUAGE_STANDARD = gnu11;
				GCC_NO_COMMON_BLOCKS = YES;
				GCC_WARN_64_TO_32_BIT_CONVERSION = YES;
				GCC_WARN_ABOUT_RETURN_TYPE = YES_ERROR;
				GCC_WARN_UNDECLARED_SELECTOR = YES;
				GCC_WARN_UNINITIALIZED_AUTOS = YES_AGGRESSIVE;
				GCC_WARN_UNUSED_FUNCTION = YES;
				GCC_WARN_UNUSED_VARIABLE = YES;
				IPHONEOS_DEPLOYMENT_TARGET = 14.4;
				MTL_ENABLE_DEBUG_INFO = NO;
				MTL_FAST_MATH = YES;
				SDKROOT = iphoneos;
				SWIFT_COMPILATION_MODE = wholemodule;
				SWIFT_OPTIMIZATION_LEVEL = "-O";
				VALIDATE_PRODUCT = YES;
			};
			name = Release;
		};
		1D100050261A1E2300CF7B23 /* Debug */ = {
			isa = XCBuildConfiguration;
			buildSettings = {
				ASSETCATALOG_COMPILER_APPICON_NAME = AppIcon;
				ASSETCATALOG_COMPILER_GLOBAL_ACCENT_COLOR_NAME = AccentColor;
				CODE_SIGN_STYLE = Automatic;
				DEVELOPMENT_ASSET_PATHS = "\"Sources/Preview Content\"";
				DEVELOPMENT_TEAM = 38F6TT6Z2T;
				ENABLE_PREVIEWS = YES;
				INFOPLIST_FILE = Sources/Info.plist;
				IPHONEOS_DEPLOYMENT_TARGET = 14.4;
				LD_RUNPATH_SEARCH_PATHS = (
					"$(inherited)",
					"@executable_path/Frameworks",
				);
				MARKETING_VERSION = 0.1.0;
				PRODUCT_BUNDLE_IDENTIFIER = ru.anvipo.pomogator;
				PRODUCT_NAME = "$(TARGET_NAME)";
				SWIFT_VERSION = 5.0;
				TARGETED_DEVICE_FAMILY = "1,2";
			};
			name = Debug;
		};
		1D100051261A1E2300CF7B23 /* Release */ = {
			isa = XCBuildConfiguration;
			buildSettings = {
				ASSETCATALOG_COMPILER_APPICON_NAME = AppIcon;
				ASSETCATALOG_COMPILER_GLOBAL_ACCENT_COLOR_NAME = AccentColor;
				CODE_SIGN_STYLE = Automatic;
				DEVELOPMENT_ASSET_PATHS = "\"Sources/Preview Content\"";
				DEVELOPMENT_TEAM = 38F6TT6Z2T;
				ENABLE_PREVIEWS = YES;
				INFOPLIST_FILE = Sources/Info.plist;
				IPHONEOS_DEPLOYMENT_TARGET = 14.4;
				LD_RUNPATH_SEARCH_PATHS = (
					"$(inherited)",
					"@executable_path/Frameworks",
				);
				MARKETING_VERSION = 0.1.0;
				PRODUCT_BUNDLE_IDENTIFIER = ru.anvipo.pomogator;
				PRODUCT_NAME = "$(TARGET_NAME)";
				SWIFT_VERSION = 5.0;
				TARGETED_DEVICE_FAMILY = "1,2";
			};
			name = Release;
		};
/* End XCBuildConfiguration section */

/* Begin XCConfigurationList section */
		1D10003B261A1E2200CF7B23 /* Build configuration list for PBXProject "Pomogator" */ = {
			isa = XCConfigurationList;
			buildConfigurations = (
				1D10004D261A1E2300CF7B23 /* Debug */,
				1D10004E261A1E2300CF7B23 /* Release */,
			);
			defaultConfigurationIsVisible = 0;
			defaultConfigurationName = Release;
		};
		1D10004F261A1E2300CF7B23 /* Build configuration list for PBXNativeTarget "Pomogator" */ = {
			isa = XCConfigurationList;
			buildConfigurations = (
				1D100050261A1E2300CF7B23 /* Debug */,
				1D100051261A1E2300CF7B23 /* Release */,
			);
			defaultConfigurationIsVisible = 0;
			defaultConfigurationName = Release;
		};
/* End XCConfigurationList section */
	};
	rootObject = 1D100038261A1E2200CF7B23 /* Project object */;
}
